
Microsoft Visual Studio Solution File, Format Version 12.00
# Visual Studio Version 16
VisualStudioVersion = 16.0.30204.135
MinimumVisualStudioVersion = 10.0.40219.1
Project("{FAE04EC0-301F-11D3-BF4B-00C04F79EFBC}") = "NET_STEP", "NET_STEP\NET_STEP.csproj", "{0B6AF6A6-3CF9-4D69-A1E1-7DE5A839EA65}"
EndProject
Project("{FAE04EC0-301F-11D3-BF4B-00C04F79EFBC}") = "SocketServer", "SocketServer\SocketServer.csproj", "{69DD2877-DDCD-4225-90FB-C34278B3C6B1}"
EndProject
Project("{FAE04EC0-301F-11D3-BF4B-00C04F79EFBC}") = "SocketClient", "SocketClient\SocketClient.csproj", "{F68EAF83-DF9B-4468-9286-80247593BEAF}"
EndProject
Project("{FAE04EC0-301F-11D3-BF4B-00C04F79EFBC}") = "TCP_CLIENT", "TCP_CLIENT\TCP_CLIENT.csproj", "{5160DFA8-3B4D-4D0D-AA11-CA4A3C28D4CC}"
EndProject
Project("{FAE04EC0-301F-11D3-BF4B-00C04F79EFBC}") = "UDP_SEND", "UDP_SEND\UDP_SEND.csproj", "{936B5F50-5B56-4952-9474-F4BE39F13B6F}"
EndProject
Project("{FAE04EC0-301F-11D3-BF4B-00C04F79EFBC}") = "UDP_GET", "UDP_GET\UDP_GET.csproj", "{5635C4F4-C915-43B6-AF75-5D0B95479AFA}"
EndProject
Project("{FAE04EC0-301F-11D3-BF4B-00C04F79EFBC}") = "MyFTP", "MyFTP\MyFTP.csproj", "{29B48E4D-2E2F-4956-BC45-5C4290CCC57C}"
EndProject
Project("{FAE04EC0-301F-11D3-BF4B-00C04F79EFBC}") = "Streams", "Streams\Streams.csproj", "{D3EDB6F1-27EB-4365-9CA4-59F6A438A2B5}"
EndProject
Global
	GlobalSection(SolutionConfigurationPlatforms) = preSolution
		Debug|Any CPU = Debug|Any CPU
		Release|Any CPU = Release|Any CPU
	EndGlobalSection
	GlobalSection(ProjectConfigurationPlatforms) = postSolution
		{0B6AF6A6-3CF9-4D69-A1E1-7DE5A839EA65}.Debug|Any CPU.ActiveCfg = Debug|Any CPU
		{0B6AF6A6-3CF9-4D69-A1E1-7DE5A839EA65}.Debug|Any CPU.Build.0 = Debug|Any CPU
		{0B6AF6A6-3CF9-4D69-A1E1-7DE5A839EA65}.Release|Any CPU.ActiveCfg = Release|Any CPU
		{0B6AF6A6-3CF9-4D69-A1E1-7DE5A839EA65}.Release|Any CPU.Build.0 = Release|Any CPU
		{69DD2877-DDCD-4225-90FB-C34278B3C6B1}.Debug|Any CPU.ActiveCfg = Debug|Any CPU
		{69DD2877-DDCD-4225-90FB-C34278B3C6B1}.Debug|Any CPU.Build.0 = Debug|Any CPU
		{69DD2877-DDCD-4225-90FB-C34278B3C6B1}.Release|Any CPU.ActiveCfg = Release|Any CPU
		{69DD2877-DDCD-4225-90FB-C34278B3C6B1}.Release|Any CPU.Build.0 = Release|Any CPU
		{F68EAF83-DF9B-4468-9286-80247593BEAF}.Debug|Any CPU.ActiveCfg = Debug|Any CPU
		{F68EAF83-DF9B-4468-9286-80247593BEAF}.Debug|Any CPU.Build.0 = Debug|Any CPU
		{F68EAF83-DF9B-4468-9286-80247593BEAF}.Release|Any CPU.ActiveCfg = Release|Any CPU
		{F68EAF83-DF9B-4468-9286-80247593BEAF}.Release|Any CPU.Build.0 = Release|Any CPU
		{5160DFA8-3B4D-4D0D-AA11-CA4A3C28D4CC}.Debug|Any CPU.ActiveCfg = Debug|Any CPU
		{5160DFA8-3B4D-4D0D-AA11-CA4A3C28D4CC}.Debug|Any CPU.Build.0 = Debug|Any CPU
		{5160DFA8-3B4D-4D0D-AA11-CA4A3C28D4CC}.Release|Any CPU.ActiveCfg = Release|Any CPU
		{5160DFA8-3B4D-4D0D-AA11-CA4A3C28D4CC}.Release|Any CPU.Build.0 = Release|Any CPU
		{936B5F50-5B56-4952-9474-F4BE39F13B6F}.Debug|Any CPU.ActiveCfg = Debug|Any CPU
		{936B5F50-5B56-4952-9474-F4BE39F13B6F}.Debug|Any CPU.Build.0 = Debug|Any CPU
		{936B5F50-5B56-4952-9474-F4BE39F13B6F}.Release|Any CPU.ActiveCfg = Release|Any CPU
		{936B5F50-5B56-4952-9474-F4BE39F13B6F}.Release|Any CPU.Build.0 = Release|Any CPU
		{5635C4F4-C915-43B6-AF75-5D0B95479AFA}.Debug|Any CPU.ActiveCfg = Debug|Any CPU
		{5635C4F4-C915-43B6-AF75-5D0B95479AFA}.Debug|Any CPU.Build.0 = Debug|Any CPU
		{5635C4F4-C915-43B6-AF75-5D0B95479AFA}.Release|Any CPU.ActiveCfg = Release|Any CPU
		{5635C4F4-C915-43B6-AF75-5D0B95479AFA}.Release|Any CPU.Build.0 = Release|Any CPU
		{29B48E4D-2E2F-4956-BC45-5C4290CCC57C}.Debug|Any CPU.ActiveCfg = Debug|Any CPU
		{29B48E4D-2E2F-4956-BC45-5C4290CCC57C}.Debug|Any CPU.Build.0 = Debug|Any CPU
		{29B48E4D-2E2F-4956-BC45-5C4290CCC57C}.Release|Any CPU.ActiveCfg = Release|Any CPU
		{29B48E4D-2E2F-4956-BC45-5C4290CCC57C}.Release|Any CPU.Build.0 = Release|Any CPU
		{D3EDB6F1-27EB-4365-9CA4-59F6A438A2B5}.Debug|Any CPU.ActiveCfg = Debug|Any CPU
		{D3EDB6F1-27EB-4365-9CA4-59F6A438A2B5}.Debug|Any CPU.Build.0 = Debug|Any CPU
		{D3EDB6F1-27EB-4365-9CA4-59F6A438A2B5}.Release|Any CPU.ActiveCfg = Release|Any CPU
		{D3EDB6F1-27EB-4365-9CA4-59F6A438A2B5}.Release|Any CPU.Build.0 = Release|Any CPU
	EndGlobalSection
	GlobalSection(SolutionProperties) = preSolution
		HideSolutionNode = FALSE
	EndGlobalSection
	GlobalSection(ExtensibilityGlobals) = postSolution
		SolutionGuid = {7D7F76F6-CFBE-44B1-A858-55E994A98D6E}
	EndGlobalSection
EndGlobal
